
Microsoft Visual Studio Solution File, Format Version 12.00
# Visual Studio Version 16
VisualStudioVersion = 16.0.32126.315
MinimumVisualStudioVersion = 10.0.40219.1
Project("{FAE04EC0-301F-11D3-BF4B-00C04F79EFBC}") = "MukemmelSayiMi", "MukemmelSayiMi\MukemmelSayiMi.csproj", "{B0CEB592-8113-4AD5-A256-20E7AD77CBC4}"
EndProject
Global
	GlobalSection(SolutionConfigurationPlatforms) = preSolution
		Debug|Any CPU = Debug|Any CPU
		Release|Any CPU = Release|Any CPU
	EndGlobalSection
	GlobalSection(ProjectConfigurationPlatforms) = postSolution
		{B0CEB592-8113-4AD5-A256-20E7AD77CBC4}.Debug|Any CPU.ActiveCfg = Debug|Any CPU
		{B0CEB592-8113-4AD5-A256-20E7AD77CBC4}.Debug|Any CPU.Build.0 = Debug|Any CPU
		{B0CEB592-8113-4AD5-A256-20E7AD77CBC4}.Release|Any CPU.ActiveCfg = Release|Any CPU
		{B0CEB592-8113-4AD5-A256-20E7AD77CBC4}.Release|Any CPU.Build.0 = Release|Any CPU
	EndGlobalSection
	GlobalSection(SolutionProperties) = preSolution
		HideSolutionNode = FALSE
	EndGlobalSection
	GlobalSection(ExtensibilityGlobals) = postSolution
		SolutionGuid = {EAF54DDA-015B-4CF5-B7CA-D9ADC0F067B9}
	EndGlobalSection
EndGlobal
